
Microsoft Visual Studio Solution File, Format Version 12.00
Project("{2150E333-8FDC-42A3-9474-1A3956D46DE8}") = "src", "src", "{D7646008-4763-4FC3-B6DC-C5C4356128F6}"
EndProject
Project("{2150E333-8FDC-42A3-9474-1A3956D46DE8}") = "AioCore.Hosted", "AioCore.Hosted", "{2A4D5F43-7437-44D9-9706-68E4789F095D}"
EndProject
Project("{FAE04EC0-301F-11D3-BF4B-00C04F79EFBC}") = "AioCore.Web", "src\AioCore.Hosted\AioCore.Web\AioCore.Web.csproj", "{8E70204E-E473-4B9B-A142-0C41B728BC4A}"
EndProject
Project("{FAE04EC0-301F-11D3-BF4B-00C04F79EFBC}") = "AioCore.Worker", "src\AioCore.Hosted\AioCore.Worker\AioCore.Worker.csproj", "{98E8B5D2-1E52-4278-9997-0CB2FF89DB78}"
EndProject
Project("{2150E333-8FDC-42A3-9474-1A3956D46DE8}") = "AioCore.Plugins", "AioCore.Plugins", "{A0C119B7-4D7C-4C69-89DE-97BE76C0996A}"
EndProject
Project("{FAE04EC0-301F-11D3-BF4B-00C04F79EFBC}") = "Plugin.YoastSeo", "src\AioCore.Plugins\Plugin.YoastSeo\Plugin.YoastSeo.csproj", "{DDA29B63-05E5-4FE2-93B8-17D1804C4EB6}"
EndProject
Project("{FAE04EC0-301F-11D3-BF4B-00C04F79EFBC}") = "Plugin.Scriban", "src\AioCore.Plugins\Plugin.Scriban\Plugin.Scriban.csproj", "{39650042-9D46-43EA-8430-F86940171354}"
EndProject
Project("{2150E333-8FDC-42A3-9474-1A3956D46DE8}") = "AioCore.Shared", "AioCore.Shared", "{224AE308-6175-42C3-A687-81E6AB0F0845}"
EndProject
Project("{FAE04EC0-301F-11D3-BF4B-00C04F79EFBC}") = "Shared.Extensions", "src\AioCore.Shared\Shared.Extensions\Shared.Extensions.csproj", "{CE4DA01B-DDBE-40B2-BD8A-7184BAC13E07}"
EndProject
Project("{FAE04EC0-301F-11D3-BF4B-00C04F79EFBC}") = "Shared.Objects", "src\AioCore.Shared\Shared.Objects\Shared.Objects.csproj", "{B59BEE52-7E78-4683-ABFD-F7F291F9D434}"
EndProject
Project("{2150E333-8FDC-42A3-9474-1A3956D46DE8}") = "AioCore.Packages", "AioCore.Packages", "{A01001EC-36A3-4885-8161-9B307B57EFF9}"
EndProject
Project("{FAE04EC0-301F-11D3-BF4B-00C04F79EFBC}") = "AioCore.Redis.OM", "src\AioCore.Packages\AioCore.Redis.OM\AioCore.Redis.OM.csproj", "{E5BB5181-35AA-4340-860E-C08A3089E213}"
EndProject
Project("{FAE04EC0-301F-11D3-BF4B-00C04F79EFBC}") = "_AioCore.Plugins", "src\AioCore.Plugins\_AioCore.Plugins\_AioCore.Plugins.csproj", "{D5F21CB8-6114-4E6E-8B74-14F102BA588E}"
EndProject
Project("{FAE04EC0-301F-11D3-BF4B-00C04F79EFBC}") = "_AioCore.Packages", "src\AioCore.Packages\_AioCore.Packages\_AioCore.Packages.csproj", "{2297A1A1-D298-4BE8-8F21-EA816C0FEB23}"
EndProject
Project("{FAE04EC0-301F-11D3-BF4B-00C04F79EFBC}") = "Plugin.Pages", "src\AioCore.Plugins\Plugin.Pages\Plugin.Pages.csproj", "{6FB2AB5A-A294-4856-8808-8D5E64B60C27}"
EndProject
Project("{FAE04EC0-301F-11D3-BF4B-00C04F79EFBC}") = "_AioCore.Shared", "src\AioCore.Shared\_AioCore.Shared\_AioCore.Shared.csproj", "{33A9B47C-C337-4C75-9AB3-F11B61DE2ADF}"
EndProject
Project("{FAE04EC0-301F-11D3-BF4B-00C04F79EFBC}") = "Shared.Components", "src\AioCore.Shared\Shared.Components\Shared.Components.csproj", "{D0FD3B9C-2615-4449-9646-659330A192E1}"
EndProject
Project("{FAE04EC0-301F-11D3-BF4B-00C04F79EFBC}") = "AioCore.Mongo.OM", "src\AioCore.Packages\AioCore.Mongo.OM\AioCore.Mongo.OM.csproj", "{F316F011-C0B5-4376-ABA6-51600659AFCC}"
EndProject
Global
	GlobalSection(SolutionConfigurationPlatforms) = preSolution
		Debug|Any CPU = Debug|Any CPU
		Release|Any CPU = Release|Any CPU
	EndGlobalSection
	GlobalSection(NestedProjects) = preSolution
		{2A4D5F43-7437-44D9-9706-68E4789F095D} = {D7646008-4763-4FC3-B6DC-C5C4356128F6}
		{8E70204E-E473-4B9B-A142-0C41B728BC4A} = {2A4D5F43-7437-44D9-9706-68E4789F095D}
		{98E8B5D2-1E52-4278-9997-0CB2FF89DB78} = {2A4D5F43-7437-44D9-9706-68E4789F095D}
		{A0C119B7-4D7C-4C69-89DE-97BE76C0996A} = {D7646008-4763-4FC3-B6DC-C5C4356128F6}
		{DDA29B63-05E5-4FE2-93B8-17D1804C4EB6} = {A0C119B7-4D7C-4C69-89DE-97BE76C0996A}
		{39650042-9D46-43EA-8430-F86940171354} = {A0C119B7-4D7C-4C69-89DE-97BE76C0996A}
		{224AE308-6175-42C3-A687-81E6AB0F0845} = {D7646008-4763-4FC3-B6DC-C5C4356128F6}
		{CE4DA01B-DDBE-40B2-BD8A-7184BAC13E07} = {224AE308-6175-42C3-A687-81E6AB0F0845}
		{B59BEE52-7E78-4683-ABFD-F7F291F9D434} = {224AE308-6175-42C3-A687-81E6AB0F0845}
		{A01001EC-36A3-4885-8161-9B307B57EFF9} = {D7646008-4763-4FC3-B6DC-C5C4356128F6}
		{E5BB5181-35AA-4340-860E-C08A3089E213} = {A01001EC-36A3-4885-8161-9B307B57EFF9}
		{D5F21CB8-6114-4E6E-8B74-14F102BA588E} = {A0C119B7-4D7C-4C69-89DE-97BE76C0996A}
		{2297A1A1-D298-4BE8-8F21-EA816C0FEB23} = {A01001EC-36A3-4885-8161-9B307B57EFF9}
		{6FB2AB5A-A294-4856-8808-8D5E64B60C27} = {A0C119B7-4D7C-4C69-89DE-97BE76C0996A}
		{33A9B47C-C337-4C75-9AB3-F11B61DE2ADF} = {224AE308-6175-42C3-A687-81E6AB0F0845}
		{D0FD3B9C-2615-4449-9646-659330A192E1} = {224AE308-6175-42C3-A687-81E6AB0F0845}
		{F316F011-C0B5-4376-ABA6-51600659AFCC} = {A01001EC-36A3-4885-8161-9B307B57EFF9}
	EndGlobalSection
	GlobalSection(ProjectConfigurationPlatforms) = postSolution
		{8E70204E-E473-4B9B-A142-0C41B728BC4A}.Debug|Any CPU.ActiveCfg = Debug|Any CPU
		{8E70204E-E473-4B9B-A142-0C41B728BC4A}.Debug|Any CPU.Build.0 = Debug|Any CPU
		{8E70204E-E473-4B9B-A142-0C41B728BC4A}.Release|Any CPU.ActiveCfg = Release|Any CPU
		{8E70204E-E473-4B9B-A142-0C41B728BC4A}.Release|Any CPU.Build.0 = Release|Any CPU
		{98E8B5D2-1E52-4278-9997-0CB2FF89DB78}.Debug|Any CPU.ActiveCfg = Debug|Any CPU
		{98E8B5D2-1E52-4278-9997-0CB2FF89DB78}.Debug|Any CPU.Build.0 = Debug|Any CPU
		{98E8B5D2-1E52-4278-9997-0CB2FF89DB78}.Release|Any CPU.ActiveCfg = Release|Any CPU
		{98E8B5D2-1E52-4278-9997-0CB2FF89DB78}.Release|Any CPU.Build.0 = Release|Any CPU
		{DDA29B63-05E5-4FE2-93B8-17D1804C4EB6}.Debug|Any CPU.ActiveCfg = Debug|Any CPU
		{DDA29B63-05E5-4FE2-93B8-17D1804C4EB6}.Debug|Any CPU.Build.0 = Debug|Any CPU
		{DDA29B63-05E5-4FE2-93B8-17D1804C4EB6}.Release|Any CPU.ActiveCfg = Release|Any CPU
		{DDA29B63-05E5-4FE2-93B8-17D1804C4EB6}.Release|Any CPU.Build.0 = Release|Any CPU
		{39650042-9D46-43EA-8430-F86940171354}.Debug|Any CPU.ActiveCfg = Debug|Any CPU
		{39650042-9D46-43EA-8430-F86940171354}.Debug|Any CPU.Build.0 = Debug|Any CPU
		{39650042-9D46-43EA-8430-F86940171354}.Release|Any CPU.ActiveCfg = Release|Any CPU
		{39650042-9D46-43EA-8430-F86940171354}.Release|Any CPU.Build.0 = Release|Any CPU
		{CE4DA01B-DDBE-40B2-BD8A-7184BAC13E07}.Debug|Any CPU.ActiveCfg = Debug|Any CPU
		{CE4DA01B-DDBE-40B2-BD8A-7184BAC13E07}.Debug|Any CPU.Build.0 = Debug|Any CPU
		{CE4DA01B-DDBE-40B2-BD8A-7184BAC13E07}.Release|Any CPU.ActiveCfg = Release|Any CPU
		{CE4DA01B-DDBE-40B2-BD8A-7184BAC13E07}.Release|Any CPU.Build.0 = Release|Any CPU
		{B59BEE52-7E78-4683-ABFD-F7F291F9D434}.Debug|Any CPU.ActiveCfg = Debug|Any CPU
		{B59BEE52-7E78-4683-ABFD-F7F291F9D434}.Debug|Any CPU.Build.0 = Debug|Any CPU
		{B59BEE52-7E78-4683-ABFD-F7F291F9D434}.Release|Any CPU.ActiveCfg = Release|Any CPU
		{B59BEE52-7E78-4683-ABFD-F7F291F9D434}.Release|Any CPU.Build.0 = Release|Any CPU
		{E5BB5181-35AA-4340-860E-C08A3089E213}.Debug|Any CPU.ActiveCfg = Debug|Any CPU
		{E5BB5181-35AA-4340-860E-C08A3089E213}.Debug|Any CPU.Build.0 = Debug|Any CPU
		{E5BB5181-35AA-4340-860E-C08A3089E213}.Release|Any CPU.ActiveCfg = Release|Any CPU
		{E5BB5181-35AA-4340-860E-C08A3089E213}.Release|Any CPU.Build.0 = Release|Any CPU
		{D5F21CB8-6114-4E6E-8B74-14F102BA588E}.Debug|Any CPU.ActiveCfg = Debug|Any CPU
		{D5F21CB8-6114-4E6E-8B74-14F102BA588E}.Debug|Any CPU.Build.0 = Debug|Any CPU
		{D5F21CB8-6114-4E6E-8B74-14F102BA588E}.Release|Any CPU.ActiveCfg = Release|Any CPU
		{D5F21CB8-6114-4E6E-8B74-14F102BA588E}.Release|Any CPU.Build.0 = Release|Any CPU
		{2297A1A1-D298-4BE8-8F21-EA816C0FEB23}.Debug|Any CPU.ActiveCfg = Debug|Any CPU
		{2297A1A1-D298-4BE8-8F21-EA816C0FEB23}.Debug|Any CPU.Build.0 = Debug|Any CPU
		{2297A1A1-D298-4BE8-8F21-EA816C0FEB23}.Release|Any CPU.ActiveCfg = Release|Any CPU
		{2297A1A1-D298-4BE8-8F21-EA816C0FEB23}.Release|Any CPU.Build.0 = Release|Any CPU
		{6FB2AB5A-A294-4856-8808-8D5E64B60C27}.Debug|Any CPU.ActiveCfg = Debug|Any CPU
		{6FB2AB5A-A294-4856-8808-8D5E64B60C27}.Debug|Any CPU.Build.0 = Debug|Any CPU
		{6FB2AB5A-A294-4856-8808-8D5E64B60C27}.Release|Any CPU.ActiveCfg = Release|Any CPU
		{6FB2AB5A-A294-4856-8808-8D5E64B60C27}.Release|Any CPU.Build.0 = Release|Any CPU
		{33A9B47C-C337-4C75-9AB3-F11B61DE2ADF}.Debug|Any CPU.ActiveCfg = Debug|Any CPU
		{33A9B47C-C337-4C75-9AB3-F11B61DE2ADF}.Debug|Any CPU.Build.0 = Debug|Any CPU
		{33A9B47C-C337-4C75-9AB3-F11B61DE2ADF}.Release|Any CPU.ActiveCfg = Release|Any CPU
		{33A9B47C-C337-4C75-9AB3-F11B61DE2ADF}.Release|Any CPU.Build.0 = Release|Any CPU
		{D0FD3B9C-2615-4449-9646-659330A192E1}.Debug|Any CPU.ActiveCfg = Debug|Any CPU
		{D0FD3B9C-2615-4449-9646-659330A192E1}.Debug|Any CPU.Build.0 = Debug|Any CPU
		{D0FD3B9C-2615-4449-9646-659330A192E1}.Release|Any CPU.ActiveCfg = Release|Any CPU
		{D0FD3B9C-2615-4449-9646-659330A192E1}.Release|Any CPU.Build.0 = Release|Any CPU
		{F316F011-C0B5-4376-ABA6-51600659AFCC}.Debug|Any CPU.ActiveCfg = Debug|Any CPU
		{F316F011-C0B5-4376-ABA6-51600659AFCC}.Debug|Any CPU.Build.0 = Debug|Any CPU
		{F316F011-C0B5-4376-ABA6-51600659AFCC}.Release|Any CPU.ActiveCfg = Release|Any CPU
		{F316F011-C0B5-4376-ABA6-51600659AFCC}.Release|Any CPU.Build.0 = Release|Any CPU
	EndGlobalSection
EndGlobal
