
Microsoft Visual Studio Solution File, Format Version 12.00
Project("{2150E333-8FDC-42A3-9474-1A3956D46DE8}") = "src", "src", "{79E28929-E669-4A7B-B8AE-A2CF63ABE89E}"
EndProject
Project("{2150E333-8FDC-42A3-9474-1A3956D46DE8}") = "AioCore.Hosted", "AioCore.Hosted", "{32289F29-3BE3-4241-AAE1-F4FEB5525B6A}"
EndProject
Project("{FAE04EC0-301F-11D3-BF4B-00C04F79EFBC}") = "AioCore.Web", "src\AioCore.Hosted\AioCore.Web\AioCore.Web.csproj", "{A50B9B9B-3065-4954-B063-C19A7D50E764}"
EndProject
Project("{2150E333-8FDC-42A3-9474-1A3956D46DE8}") = "AioCore.Packages", "AioCore.Packages", "{D0A1E053-3C57-45A1-8232-DC30029CFD22}"
EndProject
Project("{FAE04EC0-301F-11D3-BF4B-00C04F79EFBC}") = "AioCore.Domain", "src\AioCore.Domain\AioCore.Domain.csproj", "{D46FC66C-0C7C-45A7-842E-67B6C5D34293}"
EndProject
Project("{FAE04EC0-301F-11D3-BF4B-00C04F79EFBC}") = "AioCore.Shared", "src\AioCore.Shared\AioCore.Shared.csproj", "{000249F3-EADD-498B-80C7-DECA4535DFF0}"
EndProject
Project("{2150E333-8FDC-42A3-9474-1A3956D46DE8}") = "AioCore.MediatR", "AioCore.MediatR", "{3200E6E0-759F-45F0-8B9F-02DBFA4C4A6F}"
EndProject
Project("{FAE04EC0-301F-11D3-BF4B-00C04F79EFBC}") = "AioCore.Read", "src\AioCore.MediatR\AioCore.Read\AioCore.Read.csproj", "{25466552-887B-49CE-96B3-CF05D4DF7FED}"
EndProject
Project("{FAE04EC0-301F-11D3-BF4B-00C04F79EFBC}") = "AioCore.Write", "src\AioCore.MediatR\AioCore.Write\AioCore.Write.csproj", "{63043702-A3EA-4620-B9D0-078DDF94F548}"
EndProject
Project("{FAE04EC0-301F-11D3-BF4B-00C04F79EFBC}") = "AioCore.Services", "src\AioCore.Services\AioCore.Services.csproj", "{0903F688-0840-4201-B0B2-89D4FA90DF30}"
EndProject
Project("{FAE04EC0-301F-11D3-BF4B-00C04F79EFBC}") = "AioCore.Migrations", "src\AioCore.Migrations\AioCore.Migrations.csproj", "{CA21E42F-D5B1-4A1E-BEE5-F0DBAFA312F5}"
EndProject
Project("{FAE04EC0-301F-11D3-BF4B-00C04F79EFBC}") = "_AioCore.Packages", "src\AioCore.Packages\_AioCore.Packages\_AioCore.Packages.csproj", "{7EF519A3-469E-455E-A869-6D9709507C9B}"
EndProject
Project("{FAE04EC0-301F-11D3-BF4B-00C04F79EFBC}") = "AioCore.Database", "src\AioCore.Packages\AioCore.Database\AioCore.Database.csproj", "{AE30FBDD-6691-46E9-8ED2-19FAB3568E86}"
EndProject
Project("{FAE04EC0-301F-11D3-BF4B-00C04F79EFBC}") = "AioCore.Jobs", "src\AioCore.Packages\AioCore.Jobs\AioCore.Jobs.csproj", "{5F2C2A8B-E556-43C8-9776-69B27AC67BAC}"
EndProject
Global
	GlobalSection(SolutionConfigurationPlatforms) = preSolution
		Debug|Any CPU = Debug|Any CPU
		Release|Any CPU = Release|Any CPU
	EndGlobalSection
	GlobalSection(NestedProjects) = preSolution
		{32289F29-3BE3-4241-AAE1-F4FEB5525B6A} = {79E28929-E669-4A7B-B8AE-A2CF63ABE89E}
		{A50B9B9B-3065-4954-B063-C19A7D50E764} = {32289F29-3BE3-4241-AAE1-F4FEB5525B6A}
		{D0A1E053-3C57-45A1-8232-DC30029CFD22} = {79E28929-E669-4A7B-B8AE-A2CF63ABE89E}
		{D46FC66C-0C7C-45A7-842E-67B6C5D34293} = {79E28929-E669-4A7B-B8AE-A2CF63ABE89E}
		{000249F3-EADD-498B-80C7-DECA4535DFF0} = {79E28929-E669-4A7B-B8AE-A2CF63ABE89E}
		{3200E6E0-759F-45F0-8B9F-02DBFA4C4A6F} = {79E28929-E669-4A7B-B8AE-A2CF63ABE89E}
		{25466552-887B-49CE-96B3-CF05D4DF7FED} = {3200E6E0-759F-45F0-8B9F-02DBFA4C4A6F}
		{63043702-A3EA-4620-B9D0-078DDF94F548} = {3200E6E0-759F-45F0-8B9F-02DBFA4C4A6F}
		{0903F688-0840-4201-B0B2-89D4FA90DF30} = {79E28929-E669-4A7B-B8AE-A2CF63ABE89E}
		{CA21E42F-D5B1-4A1E-BEE5-F0DBAFA312F5} = {79E28929-E669-4A7B-B8AE-A2CF63ABE89E}
		{7EF519A3-469E-455E-A869-6D9709507C9B} = {D0A1E053-3C57-45A1-8232-DC30029CFD22}
		{AE30FBDD-6691-46E9-8ED2-19FAB3568E86} = {D0A1E053-3C57-45A1-8232-DC30029CFD22}
		{5F2C2A8B-E556-43C8-9776-69B27AC67BAC} = {D0A1E053-3C57-45A1-8232-DC30029CFD22}
	EndGlobalSection
	GlobalSection(ProjectConfigurationPlatforms) = postSolution
		{A50B9B9B-3065-4954-B063-C19A7D50E764}.Debug|Any CPU.ActiveCfg = Debug|Any CPU
		{A50B9B9B-3065-4954-B063-C19A7D50E764}.Debug|Any CPU.Build.0 = Debug|Any CPU
		{A50B9B9B-3065-4954-B063-C19A7D50E764}.Release|Any CPU.ActiveCfg = Release|Any CPU
		{A50B9B9B-3065-4954-B063-C19A7D50E764}.Release|Any CPU.Build.0 = Release|Any CPU
		{D46FC66C-0C7C-45A7-842E-67B6C5D34293}.Debug|Any CPU.ActiveCfg = Debug|Any CPU
		{D46FC66C-0C7C-45A7-842E-67B6C5D34293}.Debug|Any CPU.Build.0 = Debug|Any CPU
		{D46FC66C-0C7C-45A7-842E-67B6C5D34293}.Release|Any CPU.ActiveCfg = Release|Any CPU
		{D46FC66C-0C7C-45A7-842E-67B6C5D34293}.Release|Any CPU.Build.0 = Release|Any CPU
		{000249F3-EADD-498B-80C7-DECA4535DFF0}.Debug|Any CPU.ActiveCfg = Debug|Any CPU
		{000249F3-EADD-498B-80C7-DECA4535DFF0}.Debug|Any CPU.Build.0 = Debug|Any CPU
		{000249F3-EADD-498B-80C7-DECA4535DFF0}.Release|Any CPU.ActiveCfg = Release|Any CPU
		{000249F3-EADD-498B-80C7-DECA4535DFF0}.Release|Any CPU.Build.0 = Release|Any CPU
		{25466552-887B-49CE-96B3-CF05D4DF7FED}.Debug|Any CPU.ActiveCfg = Debug|Any CPU
		{25466552-887B-49CE-96B3-CF05D4DF7FED}.Debug|Any CPU.Build.0 = Debug|Any CPU
		{25466552-887B-49CE-96B3-CF05D4DF7FED}.Release|Any CPU.ActiveCfg = Release|Any CPU
		{25466552-887B-49CE-96B3-CF05D4DF7FED}.Release|Any CPU.Build.0 = Release|Any CPU
		{63043702-A3EA-4620-B9D0-078DDF94F548}.Debug|Any CPU.ActiveCfg = Debug|Any CPU
		{63043702-A3EA-4620-B9D0-078DDF94F548}.Debug|Any CPU.Build.0 = Debug|Any CPU
		{63043702-A3EA-4620-B9D0-078DDF94F548}.Release|Any CPU.ActiveCfg = Release|Any CPU
		{63043702-A3EA-4620-B9D0-078DDF94F548}.Release|Any CPU.Build.0 = Release|Any CPU
		{0903F688-0840-4201-B0B2-89D4FA90DF30}.Debug|Any CPU.ActiveCfg = Debug|Any CPU
		{0903F688-0840-4201-B0B2-89D4FA90DF30}.Debug|Any CPU.Build.0 = Debug|Any CPU
		{0903F688-0840-4201-B0B2-89D4FA90DF30}.Release|Any CPU.ActiveCfg = Release|Any CPU
		{0903F688-0840-4201-B0B2-89D4FA90DF30}.Release|Any CPU.Build.0 = Release|Any CPU
		{CA21E42F-D5B1-4A1E-BEE5-F0DBAFA312F5}.Debug|Any CPU.ActiveCfg = Debug|Any CPU
		{CA21E42F-D5B1-4A1E-BEE5-F0DBAFA312F5}.Debug|Any CPU.Build.0 = Debug|Any CPU
		{CA21E42F-D5B1-4A1E-BEE5-F0DBAFA312F5}.Release|Any CPU.ActiveCfg = Release|Any CPU
		{CA21E42F-D5B1-4A1E-BEE5-F0DBAFA312F5}.Release|Any CPU.Build.0 = Release|Any CPU
		{7EF519A3-469E-455E-A869-6D9709507C9B}.Debug|Any CPU.ActiveCfg = Debug|Any CPU
		{7EF519A3-469E-455E-A869-6D9709507C9B}.Debug|Any CPU.Build.0 = Debug|Any CPU
		{7EF519A3-469E-455E-A869-6D9709507C9B}.Release|Any CPU.ActiveCfg = Release|Any CPU
		{7EF519A3-469E-455E-A869-6D9709507C9B}.Release|Any CPU.Build.0 = Release|Any CPU
		{AE30FBDD-6691-46E9-8ED2-19FAB3568E86}.Debug|Any CPU.ActiveCfg = Debug|Any CPU
		{AE30FBDD-6691-46E9-8ED2-19FAB3568E86}.Debug|Any CPU.Build.0 = Debug|Any CPU
		{AE30FBDD-6691-46E9-8ED2-19FAB3568E86}.Release|Any CPU.ActiveCfg = Release|Any CPU
		{AE30FBDD-6691-46E9-8ED2-19FAB3568E86}.Release|Any CPU.Build.0 = Release|Any CPU
		{5F2C2A8B-E556-43C8-9776-69B27AC67BAC}.Debug|Any CPU.ActiveCfg = Debug|Any CPU
		{5F2C2A8B-E556-43C8-9776-69B27AC67BAC}.Debug|Any CPU.Build.0 = Debug|Any CPU
		{5F2C2A8B-E556-43C8-9776-69B27AC67BAC}.Release|Any CPU.ActiveCfg = Release|Any CPU
		{5F2C2A8B-E556-43C8-9776-69B27AC67BAC}.Release|Any CPU.Build.0 = Release|Any CPU
	EndGlobalSection
EndGlobal
